
Microsoft Visual Studio Solution File, Format Version 12.00
# Visual Studio Version 17
VisualStudioVersion = 17.5.002.0
MinimumVisualStudioVersion = 10.0.40219.1
Project("{9A19103F-16F7-4668-BE54-9A1E7A4F7556}") = "PROJETOPETSENAI", "PROJETOPETSENAI.csproj", "{718BD898-2D95-477C-8288-C53FEFA1D02E}"
EndProject
Global
	GlobalSection(SolutionConfigurationPlatforms) = preSolution
		Debug|Any CPU = Debug|Any CPU
		Release|Any CPU = Release|Any CPU
	EndGlobalSection
	GlobalSection(ProjectConfigurationPlatforms) = postSolution
		{718BD898-2D95-477C-8288-C53FEFA1D02E}.Debug|Any CPU.ActiveCfg = Debug|Any CPU
		{718BD898-2D95-477C-8288-C53FEFA1D02E}.Debug|Any CPU.Build.0 = Debug|Any CPU
		{718BD898-2D95-477C-8288-C53FEFA1D02E}.Release|Any CPU.ActiveCfg = Release|Any CPU
		{718BD898-2D95-477C-8288-C53FEFA1D02E}.Release|Any CPU.Build.0 = Release|Any CPU
	EndGlobalSection
	GlobalSection(SolutionProperties) = preSolution
		HideSolutionNode = FALSE
	EndGlobalSection
	GlobalSection(ExtensibilityGlobals) = postSolution
		SolutionGuid = {35EE6B3B-471B-4594-B62D-5B9C0A8299CF}
	EndGlobalSection
EndGlobal
